
Microsoft Visual Studio Solution File, Format Version 12.00
# Visual Studio Version 16
VisualStudioVersion = 16.0.30503.244
MinimumVisualStudioVersion = 10.0.40219.1
Project("{FAE04EC0-301F-11D3-BF4B-00C04F79EFBC}") = "VorlagenOrdner", "VorlagenOrdner\VorlagenOrdner.csproj", "{FA9FB19B-69B3-4FF2-977F-48B9DAF6AEB7}"
EndProject
Global
	GlobalSection(SolutionConfigurationPlatforms) = preSolution
		Debug|Any CPU = Debug|Any CPU
		Release|Any CPU = Release|Any CPU
	EndGlobalSection
	GlobalSection(ProjectConfigurationPlatforms) = postSolution
		{FA9FB19B-69B3-4FF2-977F-48B9DAF6AEB7}.Debug|Any CPU.ActiveCfg = Debug|Any CPU
		{FA9FB19B-69B3-4FF2-977F-48B9DAF6AEB7}.Debug|Any CPU.Build.0 = Debug|Any CPU
		{FA9FB19B-69B3-4FF2-977F-48B9DAF6AEB7}.Release|Any CPU.ActiveCfg = Release|Any CPU
		{FA9FB19B-69B3-4FF2-977F-48B9DAF6AEB7}.Release|Any CPU.Build.0 = Release|Any CPU
	EndGlobalSection
	GlobalSection(SolutionProperties) = preSolution
		HideSolutionNode = FALSE
	EndGlobalSection
	GlobalSection(ExtensibilityGlobals) = postSolution
		SolutionGuid = {601CC5CA-48EA-49CE-8A8A-088AB82A7CF9}
	EndGlobalSection
EndGlobal
